
Microsoft Visual Studio Solution File, Format Version 12.00
# Visual Studio Version 17
VisualStudioVersion = 17.5.33627.172
MinimumVisualStudioVersion = 10.0.40219.1
Project("{FAE04EC0-301F-11D3-BF4B-00C04F79EFBC}") = "Product.Service.Api", "Product.Service.Api\Product.Service.Api.csproj", "{E980F169-D156-4453-BE2E-33DF45642F58}"
EndProject
Project("{FAE04EC0-301F-11D3-BF4B-00C04F79EFBC}") = "Ordre.Service.Api", "Ordre.Service.Api\Ordre.Service.Api.csproj", "{D06EA7F4-03F6-4D02-B004-88F4CEA6339D}"
EndProject
Project("{FAE04EC0-301F-11D3-BF4B-00C04F79EFBC}") = "Gateway.Service.Api", "Gateway.Service.Api\Gateway.Service.Api.csproj", "{6E300ACD-B937-48F2-88DF-2DB746B96E2D}"
EndProject
Project("{FAE04EC0-301F-11D3-BF4B-00C04F79EFBC}") = "Sample.Core", "Core\Sample.Core.csproj", "{537B4E0B-8056-4590-9A7E-934AD4C8889C}"
EndProject
Project("{FAE04EC0-301F-11D3-BF4B-00C04F79EFBC}") = "Sample.Infrastracture", "Infrastracture\Sample.Infrastracture.csproj", "{7B609816-8322-4884-8D0A-C08B3D92BB8B}"
EndProject
Project("{FAE04EC0-301F-11D3-BF4B-00C04F79EFBC}") = "Sample.Application", "Application\Sample.Application.csproj", "{951209E4-1C18-428A-A42E-6C08F6D043B0}"
EndProject
Global
	GlobalSection(SolutionConfigurationPlatforms) = preSolution
		Debug|Any CPU = Debug|Any CPU
		Release|Any CPU = Release|Any CPU
	EndGlobalSection
	GlobalSection(ProjectConfigurationPlatforms) = postSolution
		{E980F169-D156-4453-BE2E-33DF45642F58}.Debug|Any CPU.ActiveCfg = Debug|Any CPU
		{E980F169-D156-4453-BE2E-33DF45642F58}.Debug|Any CPU.Build.0 = Debug|Any CPU
		{E980F169-D156-4453-BE2E-33DF45642F58}.Release|Any CPU.ActiveCfg = Release|Any CPU
		{E980F169-D156-4453-BE2E-33DF45642F58}.Release|Any CPU.Build.0 = Release|Any CPU
		{D06EA7F4-03F6-4D02-B004-88F4CEA6339D}.Debug|Any CPU.ActiveCfg = Debug|Any CPU
		{D06EA7F4-03F6-4D02-B004-88F4CEA6339D}.Debug|Any CPU.Build.0 = Debug|Any CPU
		{D06EA7F4-03F6-4D02-B004-88F4CEA6339D}.Release|Any CPU.ActiveCfg = Release|Any CPU
		{D06EA7F4-03F6-4D02-B004-88F4CEA6339D}.Release|Any CPU.Build.0 = Release|Any CPU
		{6E300ACD-B937-48F2-88DF-2DB746B96E2D}.Debug|Any CPU.ActiveCfg = Debug|Any CPU
		{6E300ACD-B937-48F2-88DF-2DB746B96E2D}.Debug|Any CPU.Build.0 = Debug|Any CPU
		{6E300ACD-B937-48F2-88DF-2DB746B96E2D}.Release|Any CPU.ActiveCfg = Release|Any CPU
		{6E300ACD-B937-48F2-88DF-2DB746B96E2D}.Release|Any CPU.Build.0 = Release|Any CPU
		{537B4E0B-8056-4590-9A7E-934AD4C8889C}.Debug|Any CPU.ActiveCfg = Debug|Any CPU
		{537B4E0B-8056-4590-9A7E-934AD4C8889C}.Debug|Any CPU.Build.0 = Debug|Any CPU
		{537B4E0B-8056-4590-9A7E-934AD4C8889C}.Release|Any CPU.ActiveCfg = Release|Any CPU
		{537B4E0B-8056-4590-9A7E-934AD4C8889C}.Release|Any CPU.Build.0 = Release|Any CPU
		{7B609816-8322-4884-8D0A-C08B3D92BB8B}.Debug|Any CPU.ActiveCfg = Debug|Any CPU
		{7B609816-8322-4884-8D0A-C08B3D92BB8B}.Debug|Any CPU.Build.0 = Debug|Any CPU
		{7B609816-8322-4884-8D0A-C08B3D92BB8B}.Release|Any CPU.ActiveCfg = Release|Any CPU
		{7B609816-8322-4884-8D0A-C08B3D92BB8B}.Release|Any CPU.Build.0 = Release|Any CPU
		{951209E4-1C18-428A-A42E-6C08F6D043B0}.Debug|Any CPU.ActiveCfg = Debug|Any CPU
		{951209E4-1C18-428A-A42E-6C08F6D043B0}.Debug|Any CPU.Build.0 = Debug|Any CPU
		{951209E4-1C18-428A-A42E-6C08F6D043B0}.Release|Any CPU.ActiveCfg = Release|Any CPU
		{951209E4-1C18-428A-A42E-6C08F6D043B0}.Release|Any CPU.Build.0 = Release|Any CPU
	EndGlobalSection
	GlobalSection(SolutionProperties) = preSolution
		HideSolutionNode = FALSE
	EndGlobalSection
	GlobalSection(ExtensibilityGlobals) = postSolution
		SolutionGuid = {482F531C-18C1-4D40-8106-F5E2763F2FF1}
	EndGlobalSection
EndGlobal
